// !$*UTF8*$!
{
	archiveVersion = 1;
	classes = {
	};
	objectVersion = 77;
	objects = {

/* Begin PBXContainerItemProxy section */
		69513E412D09834F009866D5 /* PBXContainerItemProxy */ = {
			isa = PBXContainerItemProxy;
			containerPortal = 69513E282D09834D009866D5 /* Project object */;
			proxyType = 1;
			remoteGlobalIDString = 69513E2F2D09834D009866D5;
			remoteInfo = "harmon-wheeler-core-motion";
		};
		69513E4B2D09834F009866D5 /* PBXContainerItemProxy */ = {
			isa = PBXContainerItemProxy;
			containerPortal = 69513E282D09834D009866D5 /* Project object */;
			proxyType = 1;
			remoteGlobalIDString = 69513E2F2D09834D009866D5;
			remoteInfo = "harmon-wheeler-core-motion";
		};
/* End PBXContainerItemProxy section */

/* Begin PBXFileReference section */
		69513E302D09834D009866D5 /* harmon-wheeler-core-motion.app */ = {isa = PBXFileReference; explicitFileType = wrapper.application; includeInIndex = 0; path = "harmon-wheeler-core-motion.app"; sourceTree = BUILT_PRODUCTS_DIR; };
		69513E402D09834F009866D5 /* harmon-wheeler-core-motionTests.xctest */ = {isa = PBXFileReference; explicitFileType = wrapper.cfbundle; includeInIndex = 0; path = "harmon-wheeler-core-motionTests.xctest"; sourceTree = BUILT_PRODUCTS_DIR; };
		69513E4A2D09834F009866D5 /* harmon-wheeler-core-motionUITests.xctest */ = {isa = PBXFileReference; explicitFileType = wrapper.cfbundle; includeInIndex = 0; path = "harmon-wheeler-core-motionUITests.xctest"; sourceTree = BUILT_PRODUCTS_DIR; };
/* End PBXFileReference section */

/* Begin PBXFileSystemSynchronizedRootGroup section */
		69513E322D09834D009866D5 /* harmon-wheeler-core-motion */ = {
			isa = PBXFileSystemSynchronizedRootGroup;
			path = "harmon-wheeler-core-motion";
			sourceTree = "<group>";
		};
		69513E432D09834F009866D5 /* harmon-wheeler-core-motionTests */ = {
			isa = PBXFileSystemSynchronizedRootGroup;
			path = "harmon-wheeler-core-motionTests";
			sourceTree = "<group>";
		};
		69513E4D2D09834F009866D5 /* harmon-wheeler-core-motionUITests */ = {
			isa = PBXFileSystemSynchronizedRootGroup;
			path = "harmon-wheeler-core-motionUITests";
			sourceTree = "<group>";
		};
/* End PBXFileSystemSynchronizedRootGroup section */

/* Begin PBXFrameworksBuildPhase section */
		69513E2D2D09834D009866D5 /* Frameworks */ = {
			isa = PBXFrameworksBuildPhase;
			buildActionMask = 2147483647;
			files = (
			);
			runOnlyForDeploymentPostprocessing = 0;
		};
		69513E3D2D09834F009866D5 /* Frameworks */ = {
			isa = PBXFrameworksBuildPhase;
			buildActionMask = 2147483647;
			files = (
			);
			runOnlyForDeploymentPostprocessing = 0;
		};
		69513E472D09834F009866D5 /* Frameworks */ = {
			isa = PBXFrameworksBuildPhase;
			buildActionMask = 2147483647;
			files = (
			);
			runOnlyForDeploymentPostprocessing = 0;
		};
/* End PBXFrameworksBuildPhase section */

/* Begin PBXGroup section */
		69513E272D09834D009866D5 = {
			isa = PBXGroup;
			children = (
				69513E322D09834D009866D5 /* harmon-wheeler-core-motion */,
				69513E432D09834F009866D5 /* harmon-wheeler-core-motionTests */,
				69513E4D2D09834F009866D5 /* harmon-wheeler-core-motionUITests */,
				69513E312D09834D009866D5 /* Products */,
			);
			sourceTree = "<group>";
		};
		69513E312D09834D009866D5 /* Products */ = {
			isa = PBXGroup;
			children = (
				69513E302D09834D009866D5 /* harmon-wheeler-core-motion.app */,
				69513E402D09834F009866D5 /* harmon-wheeler-core-motionTests.xctest */,
				69513E4A2D09834F009866D5 /* harmon-wheeler-core-motionUITests.xctest */,
			);
			name = Products;
			sourceTree = "<group>";
		};
/* End PBXGroup section */

/* Begin PBXNativeTarget section */
		69513E2F2D09834D009866D5 /* harmon-wheeler-core-motion */ = {
			isa = PBXNativeTarget;
			buildConfigurationList = 69513E542D09834F009866D5 /* Build configuration list for PBXNativeTarget "harmon-wheeler-core-motion" */;
			buildPhases = (
				69513E2C2D09834D009866D5 /* Sources */,
				69513E2D2D09834D009866D5 /* Frameworks */,
				69513E2E2D09834D009866D5 /* Resources */,
			);
			buildRules = (
			);
			dependencies = (
			);
			fileSystemSynchronizedGroups = (
				69513E322D09834D009866D5 /* harmon-wheeler-core-motion */,
			);
			name = "harmon-wheeler-core-motion";
			packageProductDependencies = (
			);
			productName = "harmon-wheeler-core-motion";
			productReference = 69513E302D09834D009866D5 /* harmon-wheeler-core-motion.app */;
			productType = "com.apple.product-type.application";
		};
		69513E3F2D09834F009866D5 /* harmon-wheeler-core-motionTests */ = {
			isa = PBXNativeTarget;
			buildConfigurationList = 69513E572D09834F009866D5 /* Build configuration list for PBXNativeTarget "harmon-wheeler-core-motionTests" */;
			buildPhases = (
				69513E3C2D09834F009866D5 /* Sources */,
				69513E3D2D09834F009866D5 /* Frameworks */,
				69513E3E2D09834F009866D5 /* Resources */,
			);
			buildRules = (
			);
			dependencies = (
				69513E422D09834F009866D5 /* PBXTargetDependency */,
			);
			fileSystemSynchronizedGroups = (
				69513E432D09834F009866D5 /* harmon-wheeler-core-motionTests */,
			);
			name = "harmon-wheeler-core-motionTests";
			packageProductDependencies = (
			);
			productName = "harmon-wheeler-core-motionTests";
			productReference = 69513E402D09834F009866D5 /* harmon-wheeler-core-motionTests.xctest */;
			productType = "com.apple.product-type.bundle.unit-test";
		};
		69513E492D09834F009866D5 /* harmon-wheeler-core-motionUITests */ = {
			isa = PBXNativeTarget;
			buildConfigurationList = 69513E5A2D09834F009866D5 /* Build configuration list for PBXNativeTarget "harmon-wheeler-core-motionUITests" */;
			buildPhases = (
				69513E462D09834F009866D5 /* Sources */,
				69513E472D09834F009866D5 /* Frameworks */,
				69513E482D09834F009866D5 /* Resources */,
			);
			buildRules = (
			);
			dependencies = (
				69513E4C2D09834F009866D5 /* PBXTargetDependency */,
			);
			fileSystemSynchronizedGroups = (
				69513E4D2D09834F009866D5 /* harmon-wheeler-core-motionUITests */,
			);
			name = "harmon-wheeler-core-motionUITests";
			packageProductDependencies = (
			);
			productName = "harmon-wheeler-core-motionUITests";
			productReference = 69513E4A2D09834F009866D5 /* harmon-wheeler-core-motionUITests.xctest */;
			productType = "com.apple.product-type.bundle.ui-testing";
		};
/* End PBXNativeTarget section */

/* Begin PBXProject section */
		69513E282D09834D009866D5 /* Project object */ = {
			isa = PBXProject;
			attributes = {
				BuildIndependentTargetsInParallel = 1;
				LastSwiftUpdateCheck = 1610;
				LastUpgradeCheck = 1610;
				TargetAttributes = {
					69513E2F2D09834D009866D5 = {
						CreatedOnToolsVersion = 16.1;
					};
					69513E3F2D09834F009866D5 = {
						CreatedOnToolsVersion = 16.1;
						TestTargetID = 69513E2F2D09834D009866D5;
					};
					69513E492D09834F009866D5 = {
						CreatedOnToolsVersion = 16.1;
						TestTargetID = 69513E2F2D09834D009866D5;
					};
				};
			};
			buildConfigurationList = 69513E2B2D09834D009866D5 /* Build configuration list for PBXProject "harmon-wheeler-core-motion" */;
			developmentRegion = en;
			hasScannedForEncodings = 0;
			knownRegions = (
				en,
				Base,
			);
			mainGroup = 69513E272D09834D009866D5;
			minimizedProjectReferenceProxies = 1;
			preferredProjectObjectVersion = 77;
			productRefGroup = 69513E312D09834D009866D5 /* Products */;
			projectDirPath = "";
			projectRoot = "";
			targets = (
				69513E2F2D09834D009866D5 /* harmon-wheeler-core-motion */,
				69513E3F2D09834F009866D5 /* harmon-wheeler-core-motionTests */,
				69513E492D09834F009866D5 /* harmon-wheeler-core-motionUITests */,
			);
		};
/* End PBXProject section */

/* Begin PBXResourcesBuildPhase section */
		69513E2E2D09834D009866D5 /* Resources */ = {
			isa = PBXResourcesBuildPhase;
			buildActionMask = 2147483647;
			files = (
			);
			runOnlyForDeploymentPostprocessing = 0;
		};
		69513E3E2D09834F009866D5 /* Resources */ = {
			isa = PBXResourcesBuildPhase;
			buildActionMask = 2147483647;
			files = (
			);
			runOnlyForDeploymentPostprocessing = 0;
		};
		69513E482D09834F009866D5 /* Resources */ = {
			isa = PBXResourcesBuildPhase;
			buildActionMask = 2147483647;
			files = (
			);
			runOnlyForDeploymentPostprocessing = 0;
		};
/* End PBXResourcesBuildPhase section */

/* Begin PBXSourcesBuildPhase section */
		69513E2C2D09834D009866D5 /* Sources */ = {
			isa = PBXSourcesBuildPhase;
			buildActionMask = 2147483647;
			files = (
			);
			runOnlyForDeploymentPostprocessing = 0;
		};
		69513E3C2D09834F009866D5 /* Sources */ = {
			isa = PBXSourcesBuildPhase;
			buildActionMask = 2147483647;
			files = (
			);
			runOnlyForDeploymentPostprocessing = 0;
		};
		69513E462D09834F009866D5 /* Sources */ = {
			isa = PBXSourcesBuildPhase;
			buildActionMask = 2147483647;
			files = (
			);
			runOnlyForDeploymentPostprocessing = 0;
		};
/* End PBXSourcesBuildPhase section */

/* Begin PBXTargetDependency section */
		69513E422D09834F009866D5 /* PBXTargetDependency */ = {
			isa = PBXTargetDependency;
			target = 69513E2F2D09834D009866D5 /* harmon-wheeler-core-motion */;
			targetProxy = 69513E412D09834F009866D5 /* PBXContainerItemProxy */;
		};
		69513E4C2D09834F009866D5 /* PBXTargetDependency */ = {
			isa = PBXTargetDependency;
			target = 69513E2F2D09834D009866D5 /* harmon-wheeler-core-motion */;
			targetProxy = 69513E4B2D09834F009866D5 /* PBXContainerItemProxy */;
		};
/* End PBXTargetDependency section */

/* Begin XCBuildConfiguration section */
		69513E522D09834F009866D5 /* Debug */ = {
			isa = XCBuildConfiguration;
			buildSettings = {
				ALWAYS_SEARCH_USER_PATHS = NO;
				ASSETCATALOG_COMPILER_GENERATE_SWIFT_ASSET_SYMBOL_EXTENSIONS = YES;
				CLANG_ANALYZER_NONNULL = YES;
				CLANG_ANALYZER_NUMBER_OBJECT_CONVERSION = YES_AGGRESSIVE;
				CLANG_CXX_LANGUAGE_STANDARD = "gnu++20";
				CLANG_ENABLE_MODULES = YES;
				CLANG_ENABLE_OBJC_ARC = YES;
				CLANG_ENABLE_OBJC_WEAK = YES;
				CLANG_WARN_BLOCK_CAPTURE_AUTORELEASING = YES;
				CLANG_WARN_BOOL_CONVERSION = YES;
				CLANG_WARN_COMMA = YES;
				CLANG_WARN_CONSTANT_CONVERSION = YES;
				CLANG_WARN_DEPRECATED_OBJC_IMPLEMENTATIONS = YES;
				CLANG_WARN_DIRECT_OBJC_ISA_USAGE = YES_ERROR;
				CLANG_WARN_DOCUMENTATION_COMMENTS = YES;
				CLANG_WARN_EMPTY_BODY = YES;
				CLANG_WARN_ENUM_CONVERSION = YES;
				CLANG_WARN_INFINITE_RECURSION = YES;
				CLANG_WARN_INT_CONVERSION = YES;
				CLANG_WARN_NON_LITERAL_NULL_CONVERSION = YES;
				CLANG_WARN_OBJC_IMPLICIT_RETAIN_SELF = YES;
				CLANG_WARN_OBJC_LITERAL_CONVERSION = YES;
				CLANG_WARN_OBJC_ROOT_CLASS = YES_ERROR;
				CLANG_WARN_QUOTED_INCLUDE_IN_FRAMEWORK_HEADER = YES;
				CLANG_WARN_RANGE_LOOP_ANALYSIS = YES;
				CLANG_WARN_STRICT_PROTOTYPES = YES;
				CLANG_WARN_SUSPICIOUS_MOVE = YES;
				CLANG_WARN_UNGUARDED_AVAILABILITY = YES_AGGRESSIVE;
				CLANG_WARN_UNREACHABLE_CODE = YES;
				CLANG_WARN__DUPLICATE_METHOD_MATCH = YES;
				COPY_PHASE_STRIP = NO;
				DEBUG_INFORMATION_FORMAT = dwarf;
				ENABLE_STRICT_OBJC_MSGSEND = YES;
				ENABLE_TESTABILITY = YES;
				ENABLE_USER_SCRIPT_SANDBOXING = YES;
				GCC_C_LANGUAGE_STANDARD = gnu17;
				GCC_DYNAMIC_NO_PIC = NO;
				GCC_NO_COMMON_BLOCKS = YES;
				GCC_OPTIMIZATION_LEVEL = 0;
				GCC_PREPROCESSOR_DEFINITIONS = (
					"DEBUG=1",
					"$(inherited)",
				);
				GCC_WARN_64_TO_32_BIT_CONVERSION = YES;
				GCC_WARN_ABOUT_RETURN_TYPE = YES_ERROR;
				GCC_WARN_UNDECLARED_SELECTOR = YES;
				GCC_WARN_UNINITIALIZED_AUTOS = YES_AGGRESSIVE;
				GCC_WARN_UNUSED_FUNCTION = YES;
				GCC_WARN_UNUSED_VARIABLE = YES;
				IPHONEOS_DEPLOYMENT_TARGET = 18.1;
				LOCALIZATION_PREFERS_STRING_CATALOGS = YES;
				MTL_ENABLE_DEBUG_INFO = INCLUDE_SOURCE;
				MTL_FAST_MATH = YES;
				ONLY_ACTIVE_ARCH = YES;
				SDKROOT = iphoneos;
				SWIFT_ACTIVE_COMPILATION_CONDITIONS = "DEBUG $(inherited)";
				SWIFT_OPTIMIZATION_LEVEL = "-Onone";
			};
			name = Debug;
		};
		69513E532D09834F009866D5 /* Release */ = {
			isa = XCBuildConfiguration;
			buildSettings = {
				ALWAYS_SEARCH_USER_PATHS = NO;
				ASSETCATALOG_COMPILER_GENERATE_SWIFT_ASSET_SYMBOL_EXTENSIONS = YES;
				CLANG_ANALYZER_NONNULL = YES;
				CLANG_ANALYZER_NUMBER_OBJECT_CONVERSION = YES_AGGRESSIVE;
				CLANG_CXX_LANGUAGE_STANDARD = "gnu++20";
				CLANG_ENABLE_MODULES = YES;
				CLANG_ENABLE_OBJC_ARC = YES;
				CLANG_ENABLE_OBJC_WEAK = YES;
				CLANG_WARN_BLOCK_CAPTURE_AUTORELEASING = YES;
				CLANG_WARN_BOOL_CONVERSION = YES;
				CLANG_WARN_COMMA = YES;
				CLANG_WARN_CONSTANT_CONVERSION = YES;
				CLANG_WARN_DEPRECATED_OBJC_IMPLEMENTATIONS = YES;
				CLANG_WARN_DIRECT_OBJC_ISA_USAGE = YES_ERROR;
				CLANG_WARN_DOCUMENTATION_COMMENTS = YES;
				CLANG_WARN_EMPTY_BODY = YES;
				CLANG_WARN_ENUM_CONVERSION = YES;
				CLANG_WARN_INFINITE_RECURSION = YES;
				CLANG_WARN_INT_CONVERSION = YES;
				CLANG_WARN_NON_LITERAL_NULL_CONVERSION = YES;
				CLANG_WARN_OBJC_IMPLICIT_RETAIN_SELF = YES;
				CLANG_WARN_OBJC_LITERAL_CONVERSION = YES;
				CLANG_WARN_OBJC_ROOT_CLASS = YES_ERROR;
				CLANG_WARN_QUOTED_INCLUDE_IN_FRAMEWORK_HEADER = YES;
				CLANG_WARN_RANGE_LOOP_ANALYSIS = YES;
				CLANG_WARN_STRICT_PROTOTYPES = YES;
				CLANG_WARN_SUSPICIOUS_MOVE = YES;
				CLANG_WARN_UNGUARDED_AVAILABILITY = YES_AGGRESSIVE;
				CLANG_WARN_UNREACHABLE_CODE = YES;
				CLANG_WARN__DUPLICATE_METHOD_MATCH = YES;
				COPY_PHASE_STRIP = NO;
				DEBUG_INFORMATION_FORMAT = "dwarf-with-dsym";
				ENABLE_NS_ASSERTIONS = NO;
				ENABLE_STRICT_OBJC_MSGSEND = YES;
				ENABLE_USER_SCRIPT_SANDBOXING = YES;
				GCC_C_LANGUAGE_STANDARD = gnu17;
				GCC_NO_COMMON_BLOCKS = YES;
				GCC_WARN_64_TO_32_BIT_CONVERSION = YES;
				GCC_WARN_ABOUT_RETURN_TYPE = YES_ERROR;
				GCC_WARN_UNDECLARED_SELECTOR = YES;
				GCC_WARN_UNINITIALIZED_AUTOS = YES_AGGRESSIVE;
				GCC_WARN_UNUSED_FUNCTION = YES;
				GCC_WARN_UNUSED_VARIABLE = YES;
				IPHONEOS_DEPLOYMENT_TARGET = 18.1;
				LOCALIZATION_PREFERS_STRING_CATALOGS = YES;
				MTL_ENABLE_DEBUG_INFO = NO;
				MTL_FAST_MATH = YES;
				SDKROOT = iphoneos;
				SWIFT_COMPILATION_MODE = wholemodule;
				VALIDATE_PRODUCT = YES;
			};
			name = Release;
		};
		69513E552D09834F009866D5 /* Debug */ = {
			isa = XCBuildConfiguration;
			buildSettings = {
				ASSETCATALOG_COMPILER_APPICON_NAME = AppIcon;
				ASSETCATALOG_COMPILER_GLOBAL_ACCENT_COLOR_NAME = AccentColor;
				CODE_SIGN_STYLE = Automatic;
				CURRENT_PROJECT_VERSION = 1;
				DEVELOPMENT_ASSET_PATHS = "\"harmon-wheeler-core-motion/Preview Content\"";
				ENABLE_PREVIEWS = YES;
				GENERATE_INFOPLIST_FILE = YES;
				INFOPLIST_KEY_UIApplicationSceneManifest_Generation = YES;
				INFOPLIST_KEY_UIApplicationSupportsIndirectInputEvents = YES;
				INFOPLIST_KEY_UILaunchScreen_Generation = YES;
				INFOPLIST_KEY_UISupportedInterfaceOrientations_iPad = "UIInterfaceOrientationPortrait UIInterfaceOrientationPortraitUpsideDown UIInterfaceOrientationLandscapeLeft UIInterfaceOrientationLandscapeRight";
				INFOPLIST_KEY_UISupportedInterfaceOrientations_iPhone = "UIInterfaceOrientationPortrait UIInterfaceOrientationLandscapeLeft UIInterfaceOrientationLandscapeRight";
				LD_RUNPATH_SEARCH_PATHS = (
					"$(inherited)",
					"@executable_path/Frameworks",
				);
				MARKETING_VERSION = 1.0;
				PRODUCT_BUNDLE_IDENTIFIER = "MotionKit.harmon-wheeler-core-motion";
				PRODUCT_NAME = "$(TARGET_NAME)";
				SWIFT_EMIT_LOC_STRINGS = YES;
				SWIFT_VERSION = 5.0;
				TARGETED_DEVICE_FAMILY = "1,2";
			};
			name = Debug;
		};
		69513E562D09834F009866D5 /* Release */ = {
			isa = XCBuildConfiguration;
			buildSettings = {
				ASSETCATALOG_COMPILER_APPICON_NAME = AppIcon;
				ASSETCATALOG_COMPILER_GLOBAL_ACCENT_COLOR_NAME = AccentColor;
				CODE_SIGN_STYLE = Automatic;
				CURRENT_PROJECT_VERSION = 1;
				DEVELOPMENT_ASSET_PATHS = "\"harmon-wheeler-core-motion/Preview Content\"";
				ENABLE_PREVIEWS = YES;
				GENERATE_INFOPLIST_FILE = YES;
				INFOPLIST_KEY_UIApplicationSceneManifest_Generation = YES;
				INFOPLIST_KEY_UIApplicationSupportsIndirectInputEvents = YES;
				INFOPLIST_KEY_UILaunchScreen_Generation = YES;
				INFOPLIST_KEY_UISupportedInterfaceOrientations_iPad = "UIInterfaceOrientationPortrait UIInterfaceOrientationPortraitUpsideDown UIInterfaceOrientationLandscapeLeft UIInterfaceOrientationLandscapeRight";
				INFOPLIST_KEY_UISupportedInterfaceOrientations_iPhone = "UIInterfaceOrientationPortrait UIInterfaceOrientationLandscapeLeft UIInterfaceOrientationLandscapeRight";
				LD_RUNPATH_SEARCH_PATHS = (
					"$(inherited)",
					"@executable_path/Frameworks",
				);
				MARKETING_VERSION = 1.0;
				PRODUCT_BUNDLE_IDENTIFIER = "MotionKit.harmon-wheeler-core-motion";
				PRODUCT_NAME = "$(TARGET_NAME)";
				SWIFT_EMIT_LOC_STRINGS = YES;
				SWIFT_VERSION = 5.0;
				TARGETED_DEVICE_FAMILY = "1,2";
			};
			name = Release;
		};
		69513E582D09834F009866D5 /* Debug */ = {
			isa = XCBuildConfiguration;
			buildSettings = {
				BUNDLE_LOADER = "$(TEST_HOST)";
				CODE_SIGN_STYLE = Automatic;
				CURRENT_PROJECT_VERSION = 1;
				GENERATE_INFOPLIST_FILE = YES;
				IPHONEOS_DEPLOYMENT_TARGET = 18.1;
				MARKETING_VERSION = 1.0;
				PRODUCT_BUNDLE_IDENTIFIER = "MotionKit.harmon-wheeler-core-motionTests";
				PRODUCT_NAME = "$(TARGET_NAME)";
				SWIFT_EMIT_LOC_STRINGS = NO;
				SWIFT_VERSION = 5.0;
				TARGETED_DEVICE_FAMILY = "1,2";
				TEST_HOST = "$(BUILT_PRODUCTS_DIR)/harmon-wheeler-core-motion.app/$(BUNDLE_EXECUTABLE_FOLDER_PATH)/harmon-wheeler-core-motion";
			};
			name = Debug;
		};
		69513E592D09834F009866D5 /* Release */ = {
			isa = XCBuildConfiguration;
			buildSettings = {
				BUNDLE_LOADER = "$(TEST_HOST)";
				CODE_SIGN_STYLE = Automatic;
				CURRENT_PROJECT_VERSION = 1;
				GENERATE_INFOPLIST_FILE = YES;
				IPHONEOS_DEPLOYMENT_TARGET = 18.1;
				MARKETING_VERSION = 1.0;
				PRODUCT_BUNDLE_IDENTIFIER = "MotionKit.harmon-wheeler-core-motionTests";
				PRODUCT_NAME = "$(TARGET_NAME)";
				SWIFT_EMIT_LOC_STRINGS = NO;
				SWIFT_VERSION = 5.0;
				TARGETED_DEVICE_FAMILY = "1,2";
				TEST_HOST = "$(BUILT_PRODUCTS_DIR)/harmon-wheeler-core-motion.app/$(BUNDLE_EXECUTABLE_FOLDER_PATH)/harmon-wheeler-core-motion";
			};
			name = Release;
		};
		69513E5B2D09834F009866D5 /* Debug */ = {
			isa = XCBuildConfiguration;
			buildSettings = {
				CODE_SIGN_STYLE = Automatic;
				CURRENT_PROJECT_VERSION = 1;
				GENERATE_INFOPLIST_FILE = YES;
				MARKETING_VERSION = 1.0;
				PRODUCT_BUNDLE_IDENTIFIER = "MotionKit.harmon-wheeler-core-motionUITests";
				PRODUCT_NAME = "$(TARGET_NAME)";
				SWIFT_EMIT_LOC_STRINGS = NO;
				SWIFT_VERSION = 5.0;
				TARGETED_DEVICE_FAMILY = "1,2";
				TEST_TARGET_NAME = "harmon-wheeler-core-motion";
			};
			name = Debug;
		};
		69513E5C2D09834F009866D5 /* Release */ = {
			isa = XCBuildConfiguration;
			buildSettings = {
				CODE_SIGN_STYLE = Automatic;
				CURRENT_PROJECT_VERSION = 1;
				GENERATE_INFOPLIST_FILE = YES;
				MARKETING_VERSION = 1.0;
				PRODUCT_BUNDLE_IDENTIFIER = "MotionKit.harmon-wheeler-core-motionUITests";
				PRODUCT_NAME = "$(TARGET_NAME)";
				SWIFT_EMIT_LOC_STRINGS = NO;
				SWIFT_VERSION = 5.0;
				TARGETED_DEVICE_FAMILY = "1,2";
				TEST_TARGET_NAME = "harmon-wheeler-core-motion";
			};
			name = Release;
		};
/* End XCBuildConfiguration section */

/* Begin XCConfigurationList section */
		69513E2B2D09834D009866D5 /* Build configuration list for PBXProject "harmon-wheeler-core-motion" */ = {
			isa = XCConfigurationList;
			buildConfigurations = (
				69513E522D09834F009866D5 /* Debug */,
				69513E532D09834F009866D5 /* Release */,
			);
			defaultConfigurationIsVisible = 0;
			defaultConfigurationName = Release;
		};
		69513E542D09834F009866D5 /* Build configuration list for PBXNativeTarget "harmon-wheeler-core-motion" */ = {
			isa = XCConfigurationList;
			buildConfigurations = (
				69513E552D09834F009866D5 /* Debug */,
				69513E562D09834F009866D5 /* Release */,
			);
			defaultConfigurationIsVisible = 0;
			defaultConfigurationName = Release;
		};
		69513E572D09834F009866D5 /* Build configuration list for PBXNativeTarget "harmon-wheeler-core-motionTests" */ = {
			isa = XCConfigurationList;
			buildConfigurations = (
				69513E582D09834F009866D5 /* Debug */,
				69513E592D09834F009866D5 /* Release */,
			);
			defaultConfigurationIsVisible = 0;
			defaultConfigurationName = Release;
		};
		69513E5A2D09834F009866D5 /* Build configuration list for PBXNativeTarget "harmon-wheeler-core-motionUITests" */ = {
			isa = XCConfigurationList;
			buildConfigurations = (
				69513E5B2D09834F009866D5 /* Debug */,
				69513E5C2D09834F009866D5 /* Release */,
			);
			defaultConfigurationIsVisible = 0;
			defaultConfigurationName = Release;
		};
/* End XCConfigurationList section */
	};
	rootObject = 69513E282D09834D009866D5 /* Project object */;
}
